{
  "requires": true,
  "lockfileVersion": 1,
  "dependencies": {
    "@azure/functions": {
      "version": "1.2.3",
      "resolved": "https://registry.npmjs.org/@azure/functions/-/functions-1.2.3.tgz",
      "integrity": "sha512-dZITbYPNg6ay6ngcCOjRUh1wDhlFITS0zIkqplyH5KfKEAVPooaoaye5mUFnR+WP9WdGRjlNXyl/y2tgWKHcRg=="
    },
    "azure-functions-nodejs-worker": {
      "version": "file:../../Github/azure-functions-nodejs-worker",
      "requires": {
        "google-protobuf": "^3.11.4",
        "grpc": "^1.24.2",
        "minimist": "^1.2.5",
        "protobufjs": "^6.8.9"
      }
    }
  }
}
